// !$*UTF8*$!
{
	archiveVersion = 1;
	classes = {
	};
	objectVersion = 54;
	objects = {

/* Begin PBXBuildFile section */
		03E4E4CA2D063EC284390048 /* Pods_TUICallKitApp.framework in Frameworks */ = {isa = PBXBuildFile; fileRef = 704D44628D9621C9B6C42E48 /* Pods_TUICallKitApp.framework */; };
		470EB6FB266A49200072071F /* LaunchScreen_en.storyboard in Resources */ = {isa = PBXBuildFile; fileRef = 470EB6F9266A49200072071F /* LaunchScreen_en.storyboard */; };
		470EB6FE266A49380072071F /* InfoPlist.strings in Resources */ = {isa = PBXBuildFile; fileRef = 470EB700266A49380072071F /* InfoPlist.strings */; };
		4739C7DB2657507900CA7C45 /* TUICallKitAppLocalized.strings in Resources */ = {isa = PBXBuildFile; fileRef = 4739C7D52657507800CA7C45 /* TUICallKitAppLocalized.strings */; };
		4739C7DC2657507900CA7C45 /* TUICallKitAppLocalized.swift in Sources */ = {isa = PBXBuildFile; fileRef = 4739C7D82657507800CA7C45 /* TUICallKitAppLocalized.swift */; };
		4739C7DF265750A800CA7C45 /* Assets.xcassets in Resources */ = {isa = PBXBuildFile; fileRef = 47D9D36226521A7A0007EE1F /* Assets.xcassets */; };
		47D9D36A26521A7A0007EE1F /* LaunchScreen.strings in Resources */ = {isa = PBXBuildFile; fileRef = 47D9D35D26521A7A0007EE1F /* LaunchScreen.strings */; };
		47D9D36B26521A7A0007EE1F /* Main.strings in Resources */ = {isa = PBXBuildFile; fileRef = 47D9D35F26521A7A0007EE1F /* Main.strings */; };
		47D9D36E26521A7A0007EE1F /* LaunchScreen.storyboard in Resources */ = {isa = PBXBuildFile; fileRef = 47D9D36326521A7A0007EE1F /* LaunchScreen.storyboard */; };
		47D9D36F26521A7A0007EE1F /* Main.storyboard in Resources */ = {isa = PBXBuildFile; fileRef = 47D9D36526521A7A0007EE1F /* Main.storyboard */; };
		47D9D37026521A7A0007EE1F /* AppDelegate.swift in Sources */ = {isa = PBXBuildFile; fileRef = 47D9D36726521A7A0007EE1F /* AppDelegate.swift */; };
		47D9D37226521A7A0007EE1F /* SceneDelegate.swift in Sources */ = {isa = PBXBuildFile; fileRef = 47D9D36926521A7A0007EE1F /* SceneDelegate.swift */; };
		4F3F7CA826D65D38002912DE /* RegisterRootView.swift in Sources */ = {isa = PBXBuildFile; fileRef = 4F3F7C9A26D65D38002912DE /* RegisterRootView.swift */; };
		4F3F7CA926D65D38002912DE /* LoginRootView.swift in Sources */ = {isa = PBXBuildFile; fileRef = 4F3F7C9B26D65D38002912DE /* LoginRootView.swift */; };
		4F3F7CAD26D65D38002912DE /* LoginViewController.swift in Sources */ = {isa = PBXBuildFile; fileRef = 4F3F7CA226D65D38002912DE /* LoginViewController.swift */; };
		4F3F7CAF26D65D38002912DE /* AppUtils.swift in Sources */ = {isa = PBXBuildFile; fileRef = 4F3F7CA426D65D38002912DE /* AppUtils.swift */; };
		4F3F7CB026D65D38002912DE /* RegisterViewController.swift in Sources */ = {isa = PBXBuildFile; fileRef = 4F3F7CA526D65D38002912DE /* RegisterViewController.swift */; };
		4F3F7CB226D65D38002912DE /* LayoutDefine.swift in Sources */ = {isa = PBXBuildFile; fileRef = 4F3F7CA726D65D38002912DE /* LayoutDefine.swift */; };
		4F3F7CB526D65DE3002912DE /* GenerateTestUserSig.swift in Sources */ = {isa = PBXBuildFile; fileRef = 4F3F7CB426D65DE3002912DE /* GenerateTestUserSig.swift */; };
		4FE7A785275E3A89009CCB09 /* phone_ringing.mp3 in Resources */ = {isa = PBXBuildFile; fileRef = 4FE7A784275E3A89009CCB09 /* phone_ringing.mp3 */; };
		B811E29B2A09E45100E74024 /* SingleCallViewController.swift in Sources */ = {isa = PBXBuildFile; fileRef = B811E29A2A09E45100E74024 /* SingleCallViewController.swift */; };
		B811E29D2A09F6E600E74024 /* RadioButton.swift in Sources */ = {isa = PBXBuildFile; fileRef = B811E29C2A09F6E600E74024 /* RadioButton.swift */; };
		B811E29F2A0A318500E74024 /* SettingsViewController.swift in Sources */ = {isa = PBXBuildFile; fileRef = B811E29E2A0A318500E74024 /* SettingsViewController.swift */; };
		B811E2A92A0A5C0800E74024 /* GroupCallViewController.swift in Sources */ = {isa = PBXBuildFile; fileRef = B811E2A82A0A5C0800E74024 /* GroupCallViewController.swift */; };
		B811E2AB2A0A5C3200E74024 /* JoinGroupCallViewController.swift in Sources */ = {isa = PBXBuildFile; fileRef = B811E2AA2A0A5C3200E74024 /* JoinGroupCallViewController.swift */; };
		B81C962F2A2DC68200E3CBC6 /* MainViewController.swift in Sources */ = {isa = PBXBuildFile; fileRef = B81C962E2A2DC68200E3CBC6 /* MainViewController.swift */; };
		B89ECFC72A0B830500D7F0EB /* SettingsConfig.swift in Sources */ = {isa = PBXBuildFile; fileRef = B89ECFC62A0B830500D7F0EB /* SettingsConfig.swift */; };
		B8D16ED72A1321F100937E40 /* DropMenuView.swift in Sources */ = {isa = PBXBuildFile; fileRef = B8D16ED62A1321F100937E40 /* DropMenuView.swift */; };
		B8D77D452A42E45200377391 /* SettingDetailViewController.swift in Sources */ = {isa = PBXBuildFile; fileRef = B8D77D442A42E45200377391 /* SettingDetailViewController.swift */; };
/* End PBXBuildFile section */

/* Begin PBXFileReference section */
		470EB6FA266A49200072071F /* Base */ = {isa = PBXFileReference; lastKnownFileType = file.storyboard; name = Base; path = Base.lproj/LaunchScreen_en.storyboard; sourceTree = "<group>"; };
		470EB6FF266A49380072071F /* en */ = {isa = PBXFileReference; lastKnownFileType = text.plist.strings; name = en; path = en.lproj/InfoPlist.strings; sourceTree = "<group>"; };
		470EB701266A493E0072071F /* zh-Hans */ = {isa = PBXFileReference; lastKnownFileType = text.plist.strings; name = "zh-Hans"; path = "zh-Hans.lproj/InfoPlist.strings"; sourceTree = "<group>"; };
		4739C7D62657507800CA7C45 /* zh-Hans */ = {isa = PBXFileReference; lastKnownFileType = text.plist.strings; name = "zh-Hans"; path = "zh-Hans.lproj/TUICallKitAppLocalized.strings"; sourceTree = "<group>"; };
		4739C7D72657507800CA7C45 /* en */ = {isa = PBXFileReference; lastKnownFileType = text.plist.strings; name = en; path = en.lproj/TUICallKitAppLocalized.strings; sourceTree = "<group>"; };
		4739C7D82657507800CA7C45 /* TUICallKitAppLocalized.swift */ = {isa = PBXFileReference; fileEncoding = 4; lastKnownFileType = sourcecode.swift; path = TUICallKitAppLocalized.swift; sourceTree = "<group>"; };
		474E0FE52644DFAE002AFADB /* TUICallKitApp.app */ = {isa = PBXFileReference; explicitFileType = wrapper.application; includeInIndex = 0; path = TUICallKitApp.app; sourceTree = BUILT_PRODUCTS_DIR; };
		47D9D35E26521A7A0007EE1F /* zh-Hans */ = {isa = PBXFileReference; lastKnownFileType = text.plist.strings; name = "zh-Hans"; path = "zh-Hans.lproj/LaunchScreen.strings"; sourceTree = "<group>"; };
		47D9D36026521A7A0007EE1F /* zh-Hans */ = {isa = PBXFileReference; lastKnownFileType = text.plist.strings; name = "zh-Hans"; path = "zh-Hans.lproj/Main.strings"; sourceTree = "<group>"; };
		47D9D36226521A7A0007EE1F /* Assets.xcassets */ = {isa = PBXFileReference; lastKnownFileType = folder.assetcatalog; path = Assets.xcassets; sourceTree = "<group>"; };
		47D9D36426521A7A0007EE1F /* Base */ = {isa = PBXFileReference; lastKnownFileType = file.storyboard; name = Base; path = Base.lproj/LaunchScreen.storyboard; sourceTree = "<group>"; };
		47D9D36626521A7A0007EE1F /* Base */ = {isa = PBXFileReference; lastKnownFileType = file.storyboard; name = Base; path = Base.lproj/Main.storyboard; sourceTree = "<group>"; };
		47D9D36726521A7A0007EE1F /* AppDelegate.swift */ = {isa = PBXFileReference; fileEncoding = 4; lastKnownFileType = sourcecode.swift; path = AppDelegate.swift; sourceTree = "<group>"; };
		47D9D36826521A7A0007EE1F /* Info.plist */ = {isa = PBXFileReference; fileEncoding = 4; lastKnownFileType = text.plist.xml; path = Info.plist; sourceTree = "<group>"; };
		47D9D36926521A7A0007EE1F /* SceneDelegate.swift */ = {isa = PBXFileReference; fileEncoding = 4; lastKnownFileType = sourcecode.swift; path = SceneDelegate.swift; sourceTree = "<group>"; };
		4F3F7C9A26D65D38002912DE /* RegisterRootView.swift */ = {isa = PBXFileReference; fileEncoding = 4; lastKnownFileType = sourcecode.swift; path = RegisterRootView.swift; sourceTree = "<group>"; };
		4F3F7C9B26D65D38002912DE /* LoginRootView.swift */ = {isa = PBXFileReference; fileEncoding = 4; lastKnownFileType = sourcecode.swift; path = LoginRootView.swift; sourceTree = "<group>"; };
		4F3F7CA226D65D38002912DE /* LoginViewController.swift */ = {isa = PBXFileReference; fileEncoding = 4; lastKnownFileType = sourcecode.swift; path = LoginViewController.swift; sourceTree = "<group>"; };
		4F3F7CA426D65D38002912DE /* AppUtils.swift */ = {isa = PBXFileReference; fileEncoding = 4; lastKnownFileType = sourcecode.swift; path = AppUtils.swift; sourceTree = "<group>"; };
		4F3F7CA526D65D38002912DE /* RegisterViewController.swift */ = {isa = PBXFileReference; fileEncoding = 4; lastKnownFileType = sourcecode.swift; path = RegisterViewController.swift; sourceTree = "<group>"; };
		4F3F7CA726D65D38002912DE /* LayoutDefine.swift */ = {isa = PBXFileReference; fileEncoding = 4; lastKnownFileType = sourcecode.swift; path = LayoutDefine.swift; sourceTree = "<group>"; };
		4F3F7CB426D65DE3002912DE /* GenerateTestUserSig.swift */ = {isa = PBXFileReference; fileEncoding = 4; lastKnownFileType = sourcecode.swift; path = GenerateTestUserSig.swift; sourceTree = "<group>"; };
		4F9E8F6E2AD9413C00DB82C4 /* ja */ = {isa = PBXFileReference; lastKnownFileType = text.plist.strings; name = ja; path = ja.lproj/TUICallKitAppLocalized.strings; sourceTree = "<group>"; };
		4FE7A784275E3A89009CCB09 /* phone_ringing.mp3 */ = {isa = PBXFileReference; lastKnownFileType = audio.mp3; path = phone_ringing.mp3; sourceTree = "<group>"; };
		4FF707AB28A9EFBE0044B20E /* TUICallKitApp.entitlements */ = {isa = PBXFileReference; fileEncoding = 4; lastKnownFileType = text.plist.entitlements; path = TUICallKitApp.entitlements; sourceTree = "<group>"; };
		704D44628D9621C9B6C42E48 /* Pods_TUICallKitApp.framework */ = {isa = PBXFileReference; explicitFileType = wrapper.framework; includeInIndex = 0; path = Pods_TUICallKitApp.framework; sourceTree = BUILT_PRODUCTS_DIR; };
		91F2AB471EFA1B512F559859 /* Pods-TUICallKitApp.debug.xcconfig */ = {isa = PBXFileReference; includeInIndex = 1; lastKnownFileType = text.xcconfig; name = "Pods-TUICallKitApp.debug.xcconfig"; path = "Target Support Files/Pods-TUICallKitApp/Pods-TUICallKitApp.debug.xcconfig"; sourceTree = "<group>"; };
		978AEE3D0185AD9D68A3E8A7 /* Pods-TUICallKitApp.release.xcconfig */ = {isa = PBXFileReference; includeInIndex = 1; lastKnownFileType = text.xcconfig; name = "Pods-TUICallKitApp.release.xcconfig"; path = "Target Support Files/Pods-TUICallKitApp/Pods-TUICallKitApp.release.xcconfig"; sourceTree = "<group>"; };
		B811E29A2A09E45100E74024 /* SingleCallViewController.swift */ = {isa = PBXFileReference; lastKnownFileType = sourcecode.swift; path = SingleCallViewController.swift; sourceTree = "<group>"; };
		B811E29C2A09F6E600E74024 /* RadioButton.swift */ = {isa = PBXFileReference; lastKnownFileType = sourcecode.swift; path = RadioButton.swift; sourceTree = "<group>"; };
		B811E29E2A0A318500E74024 /* SettingsViewController.swift */ = {isa = PBXFileReference; lastKnownFileType = sourcecode.swift; path = SettingsViewController.swift; sourceTree = "<group>"; };
		B811E2A82A0A5C0800E74024 /* GroupCallViewController.swift */ = {isa = PBXFileReference; lastKnownFileType = sourcecode.swift; path = GroupCallViewController.swift; sourceTree = "<group>"; };
		B811E2AA2A0A5C3200E74024 /* JoinGroupCallViewController.swift */ = {isa = PBXFileReference; lastKnownFileType = sourcecode.swift; path = JoinGroupCallViewController.swift; sourceTree = "<group>"; };
		B81C962E2A2DC68200E3CBC6 /* MainViewController.swift */ = {isa = PBXFileReference; lastKnownFileType = sourcecode.swift; path = MainViewController.swift; sourceTree = "<group>"; };
		B89ECFC62A0B830500D7F0EB /* SettingsConfig.swift */ = {isa = PBXFileReference; lastKnownFileType = sourcecode.swift; path = SettingsConfig.swift; sourceTree = "<group>"; };
		B8D16ED62A1321F100937E40 /* DropMenuView.swift */ = {isa = PBXFileReference; lastKnownFileType = sourcecode.swift; path = DropMenuView.swift; sourceTree = "<group>"; };
		B8D77D442A42E45200377391 /* SettingDetailViewController.swift */ = {isa = PBXFileReference; fileEncoding = 4; lastKnownFileType = sourcecode.swift; path = SettingDetailViewController.swift; sourceTree = "<group>"; };
/* End PBXFileReference section */

/* Begin PBXFrameworksBuildPhase section */
		474E0FE22644DFAE002AFADB /* Frameworks */ = {
			isa = PBXFrameworksBuildPhase;
			buildActionMask = 2147483647;
			files = (
				03E4E4CA2D063EC284390048 /* Pods_TUICallKitApp.framework in Frameworks */,
			);
			runOnlyForDeploymentPostprocessing = 0;
		};
/* End PBXFrameworksBuildPhase section */

/* Begin PBXGroup section */
		45BC76B78942804520FA6869 /* Frameworks */ = {
			isa = PBXGroup;
			children = (
				704D44628D9621C9B6C42E48 /* Pods_TUICallKitApp.framework */,
			);
			name = Frameworks;
			sourceTree = "<group>";
		};
		4739C7D32657507800CA7C45 /* Resource */ = {
			isa = PBXGroup;
			children = (
				4FE7A784275E3A89009CCB09 /* phone_ringing.mp3 */,
				47D9D35F26521A7A0007EE1F /* Main.strings */,
				47D9D35D26521A7A0007EE1F /* LaunchScreen.strings */,
				470EB700266A49380072071F /* InfoPlist.strings */,
				4739C7D42657507800CA7C45 /* Localized */,
			);
			path = Resource;
			sourceTree = "<group>";
		};
		4739C7D42657507800CA7C45 /* Localized */ = {
			isa = PBXGroup;
			children = (
				4739C7D52657507800CA7C45 /* TUICallKitAppLocalized.strings */,
				4739C7D82657507800CA7C45 /* TUICallKitAppLocalized.swift */,
			);
			path = Localized;
			sourceTree = "<group>";
		};
		474E0FDC2644DFAE002AFADB = {
			isa = PBXGroup;
			children = (
				4FF707AB28A9EFBE0044B20E /* TUICallKitApp.entitlements */,
				4F3F7CB326D65DE3002912DE /* Debug */,
				45BC76B78942804520FA6869 /* Frameworks */,
				914460EA7D352CBA688E2356 /* Pods */,
				474E0FE62644DFAE002AFADB /* Products */,
				47D9D35C26521A7A0007EE1F /* App */,
			);
			sourceTree = "<group>";
		};
		474E0FE62644DFAE002AFADB /* Products */ = {
			isa = PBXGroup;
			children = (
				474E0FE52644DFAE002AFADB /* TUICallKitApp.app */,
			);
			name = Products;
			sourceTree = "<group>";
		};
		47D9D35C26521A7A0007EE1F /* App */ = {
			isa = PBXGroup;
			children = (
				47D9D36726521A7A0007EE1F /* AppDelegate.swift */,
				47D9D36926521A7A0007EE1F /* SceneDelegate.swift */,
				4F3F7CA426D65D38002912DE /* AppUtils.swift */,
				4F3F7CA726D65D38002912DE /* LayoutDefine.swift */,
				B833837F2A08DB7D00E71348 /* Login */,
				B81C962D2A2DC65100E3CBC6 /* MainPage */,
				4F3F7C9926D65D38002912DE /* Register */,
				B89ECFCA2A0CFD3000D7F0EB /* Call */,
				B83383802A08DBA300E71348 /* Setting */,
				4739C7D32657507800CA7C45 /* Resource */,
				47D9D36226521A7A0007EE1F /* Assets.xcassets */,
				47D9D36326521A7A0007EE1F /* LaunchScreen.storyboard */,
				470EB6F9266A49200072071F /* LaunchScreen_en.storyboard */,
				47D9D36526521A7A0007EE1F /* Main.storyboard */,
				47D9D36826521A7A0007EE1F /* Info.plist */,
			);
			path = App;
			sourceTree = "<group>";
		};
		4F3F7C9926D65D38002912DE /* Register */ = {
			isa = PBXGroup;
			children = (
				4F3F7CA526D65D38002912DE /* RegisterViewController.swift */,
				4F3F7C9A26D65D38002912DE /* RegisterRootView.swift */,
			);
			path = Register;
			sourceTree = SOURCE_ROOT;
		};
		4F3F7CB326D65DE3002912DE /* Debug */ = {
			isa = PBXGroup;
			children = (
				4F3F7CB426D65DE3002912DE /* GenerateTestUserSig.swift */,
			);
			path = Debug;
			sourceTree = "<group>";
		};
		914460EA7D352CBA688E2356 /* Pods */ = {
			isa = PBXGroup;
			children = (
				91F2AB471EFA1B512F559859 /* Pods-TUICallKitApp.debug.xcconfig */,
				978AEE3D0185AD9D68A3E8A7 /* Pods-TUICallKitApp.release.xcconfig */,
			);
			path = Pods;
			sourceTree = "<group>";
		};
		B81C962D2A2DC65100E3CBC6 /* MainPage */ = {
			isa = PBXGroup;
			children = (
				B81C962E2A2DC68200E3CBC6 /* MainViewController.swift */,
			);
			path = MainPage;
			sourceTree = "<group>";
		};
		B833837F2A08DB7D00E71348 /* Login */ = {
			isa = PBXGroup;
			children = (
				4F3F7CA226D65D38002912DE /* LoginViewController.swift */,
				4F3F7C9B26D65D38002912DE /* LoginRootView.swift */,
			);
			path = Login;
			sourceTree = "<group>";
		};
		B83383802A08DBA300E71348 /* Setting */ = {
			isa = PBXGroup;
			children = (
				B811E29E2A0A318500E74024 /* SettingsViewController.swift */,
				B89ECFC62A0B830500D7F0EB /* SettingsConfig.swift */,
				B8D16ED62A1321F100937E40 /* DropMenuView.swift */,
				B8D77D442A42E45200377391 /* SettingDetailViewController.swift */,
			);
			path = Setting;
			sourceTree = "<group>";
		};
		B89ECFCA2A0CFD3000D7F0EB /* Call */ = {
			isa = PBXGroup;
			children = (
				B811E29A2A09E45100E74024 /* SingleCallViewController.swift */,
				B811E2A82A0A5C0800E74024 /* GroupCallViewController.swift */,
				B811E2AA2A0A5C3200E74024 /* JoinGroupCallViewController.swift */,
				B811E29C2A09F6E600E74024 /* RadioButton.swift */,
			);
			path = Call;
			sourceTree = "<group>";
		};
/* End PBXGroup section */

/* Begin PBXNativeTarget section */
		474E0FE42644DFAE002AFADB /* TUICallKitApp */ = {
			isa = PBXNativeTarget;
			buildConfigurationList = 474E0FF92644DFAF002AFADB /* Build configuration list for PBXNativeTarget "TUICallKitApp" */;
			buildPhases = (
				13AD8BEF83F6C34C3FD50D30 /* [CP] Check Pods Manifest.lock */,
				474E0FE12644DFAE002AFADB /* Sources */,
				474E0FE22644DFAE002AFADB /* Frameworks */,
				474E0FE32644DFAE002AFADB /* Resources */,
				8FE026B3F7BE01BC7F9DB305 /* [CP] Embed Pods Frameworks */,
				0FD264A225EFBDE6F60D5FB6 /* [CP] Copy Pods Resources */,
			);
			buildRules = (
			);
			dependencies = (
			);
			name = TUICallKitApp;
			productName = TRTCCalling;
			productReference = 474E0FE52644DFAE002AFADB /* TUICallKitApp.app */;
			productType = "com.apple.product-type.application";
		};
/* End PBXNativeTarget section */

/* Begin PBXProject section */
		474E0FDD2644DFAE002AFADB /* Project object */ = {
			isa = PBXProject;
			attributes = {
				LastSwiftUpdateCheck = 1240;
				LastUpgradeCheck = 1240;
				TargetAttributes = {
					474E0FE42644DFAE002AFADB = {
						CreatedOnToolsVersion = 12.4;
						LastSwiftMigration = 1250;
					};
				};
			};
			buildConfigurationList = 474E0FE02644DFAE002AFADB /* Build configuration list for PBXProject "TUICallKitApp" */;
			compatibilityVersion = "Xcode 9.3";
			developmentRegion = en;
			hasScannedForEncodings = 0;
			knownRegions = (
				en,
				Base,
				"zh-Hans",
				English,
				ja,
			);
			mainGroup = 474E0FDC2644DFAE002AFADB;
			productRefGroup = 474E0FE62644DFAE002AFADB /* Products */;
			projectDirPath = "";
			projectRoot = "";
			targets = (
				474E0FE42644DFAE002AFADB /* TUICallKitApp */,
			);
		};
/* End PBXProject section */

/* Begin PBXResourcesBuildPhase section */
		474E0FE32644DFAE002AFADB /* Resources */ = {
			isa = PBXResourcesBuildPhase;
			buildActionMask = 2147483647;
			files = (
				47D9D36A26521A7A0007EE1F /* LaunchScreen.strings in Resources */,
				470EB6FE266A49380072071F /* InfoPlist.strings in Resources */,
				47D9D36F26521A7A0007EE1F /* Main.storyboard in Resources */,
				47D9D36E26521A7A0007EE1F /* LaunchScreen.storyboard in Resources */,
				470EB6FB266A49200072071F /* LaunchScreen_en.storyboard in Resources */,
				4739C7DB2657507900CA7C45 /* TUICallKitAppLocalized.strings in Resources */,
				4739C7DF265750A800CA7C45 /* Assets.xcassets in Resources */,
				47D9D36B26521A7A0007EE1F /* Main.strings in Resources */,
				4FE7A785275E3A89009CCB09 /* phone_ringing.mp3 in Resources */,
			);
			runOnlyForDeploymentPostprocessing = 0;
		};
/* End PBXResourcesBuildPhase section */

/* Begin PBXShellScriptBuildPhase section */
		0FD264A225EFBDE6F60D5FB6 /* [CP] Copy Pods Resources */ = {
			isa = PBXShellScriptBuildPhase;
			buildActionMask = 2147483647;
			files = (
			);
			inputFileListPaths = (
				"${PODS_ROOT}/Target Support Files/Pods-TUICallKitApp/Pods-TUICallKitApp-resources-${CONFIGURATION}-input-files.xcfilelist",
			);
			name = "[CP] Copy Pods Resources";
			outputFileListPaths = (
				"${PODS_ROOT}/Target Support Files/Pods-TUICallKitApp/Pods-TUICallKitApp-resources-${CONFIGURATION}-output-files.xcfilelist",
			);
			runOnlyForDeploymentPostprocessing = 0;
			shellPath = /bin/sh;
			shellScript = "\"${PODS_ROOT}/Target Support Files/Pods-TUICallKitApp/Pods-TUICallKitApp-resources.sh\"\n";
			showEnvVarsInLog = 0;
		};
		13AD8BEF83F6C34C3FD50D30 /* [CP] Check Pods Manifest.lock */ = {
			isa = PBXShellScriptBuildPhase;
			buildActionMask = 2147483647;
			files = (
			);
			inputFileListPaths = (
			);
			inputPaths = (
				"${PODS_PODFILE_DIR_PATH}/Podfile.lock",
				"${PODS_ROOT}/Manifest.lock",
			);
			name = "[CP] Check Pods Manifest.lock";
			outputFileListPaths = (
			);
			outputPaths = (
				"$(DERIVED_FILE_DIR)/Pods-TUICallKitApp-checkManifestLockResult.txt",
			);
			runOnlyForDeploymentPostprocessing = 0;
			shellPath = /bin/sh;
			shellScript = "diff \"${PODS_PODFILE_DIR_PATH}/Podfile.lock\" \"${PODS_ROOT}/Manifest.lock\" > /dev/null\nif [ $? != 0 ] ; then\n    # print error to STDERR\n    echo \"error: The sandbox is not in sync with the Podfile.lock. Run 'pod install' or update your CocoaPods installation.\" >&2\n    exit 1\nfi\n# This output is used by Xcode 'outputs' to avoid re-running this script phase.\necho \"SUCCESS\" > \"${SCRIPT_OUTPUT_FILE_0}\"\n";
			showEnvVarsInLog = 0;
		};
		8FE026B3F7BE01BC7F9DB305 /* [CP] Embed Pods Frameworks */ = {
			isa = PBXShellScriptBuildPhase;
			buildActionMask = 2147483647;
			files = (
			);
			inputFileListPaths = (
				"${PODS_ROOT}/Target Support Files/Pods-TUICallKitApp/Pods-TUICallKitApp-frameworks-${CONFIGURATION}-input-files.xcfilelist",
			);
			name = "[CP] Embed Pods Frameworks";
			outputFileListPaths = (
				"${PODS_ROOT}/Target Support Files/Pods-TUICallKitApp/Pods-TUICallKitApp-frameworks-${CONFIGURATION}-output-files.xcfilelist",
			);
			runOnlyForDeploymentPostprocessing = 0;
			shellPath = /bin/sh;
			shellScript = "\"${PODS_ROOT}/Target Support Files/Pods-TUICallKitApp/Pods-TUICallKitApp-frameworks.sh\"\n";
			showEnvVarsInLog = 0;
		};
/* End PBXShellScriptBuildPhase section */

/* Begin PBXSourcesBuildPhase section */
		474E0FE12644DFAE002AFADB /* Sources */ = {
			isa = PBXSourcesBuildPhase;
			buildActionMask = 2147483647;
			files = (
				B89ECFC72A0B830500D7F0EB /* SettingsConfig.swift in Sources */,
				B811E2A92A0A5C0800E74024 /* GroupCallViewController.swift in Sources */,
				B811E29F2A0A318500E74024 /* SettingsViewController.swift in Sources */,
				47D9D37026521A7A0007EE1F /* AppDelegate.swift in Sources */,
				4739C7DC2657507900CA7C45 /* TUICallKitAppLocalized.swift in Sources */,
				4F3F7CAF26D65D38002912DE /* AppUtils.swift in Sources */,
				4F3F7CB526D65DE3002912DE /* GenerateTestUserSig.swift in Sources */,
				4F3F7CAD26D65D38002912DE /* LoginViewController.swift in Sources */,
				4F3F7CB026D65D38002912DE /* RegisterViewController.swift in Sources */,
				B811E29D2A09F6E600E74024 /* RadioButton.swift in Sources */,
				B8D16ED72A1321F100937E40 /* DropMenuView.swift in Sources */,
				4F3F7CB226D65D38002912DE /* LayoutDefine.swift in Sources */,
				4F3F7CA826D65D38002912DE /* RegisterRootView.swift in Sources */,
				4F3F7CA926D65D38002912DE /* LoginRootView.swift in Sources */,
				B811E2AB2A0A5C3200E74024 /* JoinGroupCallViewController.swift in Sources */,
				B8D77D452A42E45200377391 /* SettingDetailViewController.swift in Sources */,
				47D9D37226521A7A0007EE1F /* SceneDelegate.swift in Sources */,
				B81C962F2A2DC68200E3CBC6 /* MainViewController.swift in Sources */,
				B811E29B2A09E45100E74024 /* SingleCallViewController.swift in Sources */,
			);
			runOnlyForDeploymentPostprocessing = 0;
		};
/* End PBXSourcesBuildPhase section */

/* Begin PBXVariantGroup section */
		470EB6F9266A49200072071F /* LaunchScreen_en.storyboard */ = {
			isa = PBXVariantGroup;
			children = (
				470EB6FA266A49200072071F /* Base */,
			);
			name = LaunchScreen_en.storyboard;
			sourceTree = "<group>";
		};
		470EB700266A49380072071F /* InfoPlist.strings */ = {
			isa = PBXVariantGroup;
			children = (
				470EB6FF266A49380072071F /* en */,
				470EB701266A493E0072071F /* zh-Hans */,
			);
			name = InfoPlist.strings;
			sourceTree = "<group>";
		};
		4739C7D52657507800CA7C45 /* TUICallKitAppLocalized.strings */ = {
			isa = PBXVariantGroup;
			children = (
				4739C7D62657507800CA7C45 /* zh-Hans */,
				4739C7D72657507800CA7C45 /* en */,
				4F9E8F6E2AD9413C00DB82C4 /* ja */,
			);
			name = TUICallKitAppLocalized.strings;
			sourceTree = "<group>";
		};
		47D9D35D26521A7A0007EE1F /* LaunchScreen.strings */ = {
			isa = PBXVariantGroup;
			children = (
				47D9D35E26521A7A0007EE1F /* zh-Hans */,
			);
			name = LaunchScreen.strings;
			sourceTree = "<group>";
		};
		47D9D35F26521A7A0007EE1F /* Main.strings */ = {
			isa = PBXVariantGroup;
			children = (
				47D9D36026521A7A0007EE1F /* zh-Hans */,
			);
			name = Main.strings;
			sourceTree = "<group>";
		};
		47D9D36326521A7A0007EE1F /* LaunchScreen.storyboard */ = {
			isa = PBXVariantGroup;
			children = (
				47D9D36426521A7A0007EE1F /* Base */,
			);
			name = LaunchScreen.storyboard;
			sourceTree = "<group>";
		};
		47D9D36526521A7A0007EE1F /* Main.storyboard */ = {
			isa = PBXVariantGroup;
			children = (
				47D9D36626521A7A0007EE1F /* Base */,
			);
			name = Main.storyboard;
			sourceTree = "<group>";
		};
/* End PBXVariantGroup section */

/* Begin XCBuildConfiguration section */
		474E0FF72644DFAF002AFADB /* Debug */ = {
			isa = XCBuildConfiguration;
			buildSettings = {
				ALWAYS_SEARCH_USER_PATHS = NO;
				CLANG_ANALYZER_LOCALIZABILITY_NONLOCALIZED = YES;
				CLANG_ANALYZER_NONNULL = YES;
				CLANG_ANALYZER_NUMBER_OBJECT_CONVERSION = YES_AGGRESSIVE;
				CLANG_CXX_LANGUAGE_STANDARD = "gnu++14";
				CLANG_CXX_LIBRARY = "libc++";
				CLANG_ENABLE_MODULES = YES;
				CLANG_ENABLE_OBJC_ARC = YES;
				CLANG_ENABLE_OBJC_WEAK = YES;
				CLANG_WARN_BLOCK_CAPTURE_AUTORELEASING = YES;
				CLANG_WARN_BOOL_CONVERSION = YES;
				CLANG_WARN_COMMA = YES;
				CLANG_WARN_CONSTANT_CONVERSION = YES;
				CLANG_WARN_DEPRECATED_OBJC_IMPLEMENTATIONS = YES;
				CLANG_WARN_DIRECT_OBJC_ISA_USAGE = YES_ERROR;
				CLANG_WARN_DOCUMENTATION_COMMENTS = YES;
				CLANG_WARN_EMPTY_BODY = YES;
				CLANG_WARN_ENUM_CONVERSION = YES;
				CLANG_WARN_INFINITE_RECURSION = YES;
				CLANG_WARN_INT_CONVERSION = YES;
				CLANG_WARN_NON_LITERAL_NULL_CONVERSION = YES;
				CLANG_WARN_OBJC_IMPLICIT_RETAIN_SELF = YES;
				CLANG_WARN_OBJC_LITERAL_CONVERSION = YES;
				CLANG_WARN_OBJC_ROOT_CLASS = YES_ERROR;
				CLANG_WARN_QUOTED_INCLUDE_IN_FRAMEWORK_HEADER = YES;
				CLANG_WARN_RANGE_LOOP_ANALYSIS = YES;
				CLANG_WARN_STRICT_PROTOTYPES = YES;
				CLANG_WARN_SUSPICIOUS_MOVE = YES;
				CLANG_WARN_UNGUARDED_AVAILABILITY = YES_AGGRESSIVE;
				CLANG_WARN_UNREACHABLE_CODE = YES;
				CLANG_WARN__DUPLICATE_METHOD_MATCH = YES;
				COPY_PHASE_STRIP = NO;
				DEBUG_INFORMATION_FORMAT = dwarf;
				ENABLE_BITCODE = NO;
				ENABLE_STRICT_OBJC_MSGSEND = YES;
				ENABLE_TESTABILITY = YES;
				GCC_C_LANGUAGE_STANDARD = gnu11;
				GCC_DYNAMIC_NO_PIC = NO;
				GCC_NO_COMMON_BLOCKS = YES;
				GCC_OPTIMIZATION_LEVEL = 0;
				GCC_PREPROCESSOR_DEFINITIONS = (
					"DEBUG=1",
					"$(inherited)",
				);
				GCC_WARN_64_TO_32_BIT_CONVERSION = YES;
				GCC_WARN_ABOUT_RETURN_TYPE = YES_ERROR;
				GCC_WARN_UNDECLARED_SELECTOR = YES;
				GCC_WARN_UNINITIALIZED_AUTOS = YES_AGGRESSIVE;
				GCC_WARN_UNUSED_FUNCTION = YES;
				GCC_WARN_UNUSED_VARIABLE = YES;
				IPHONEOS_DEPLOYMENT_TARGET = 10.0;
				MTL_ENABLE_DEBUG_INFO = INCLUDE_SOURCE;
				MTL_FAST_MATH = YES;
				ONLY_ACTIVE_ARCH = YES;
				SDKROOT = iphoneos;
				SWIFT_ACTIVE_COMPILATION_CONDITIONS = DEBUG;
				SWIFT_OPTIMIZATION_LEVEL = "-Onone";
			};
			name = Debug;
		};
		474E0FF82644DFAF002AFADB /* Release */ = {
			isa = XCBuildConfiguration;
			buildSettings = {
				ALWAYS_SEARCH_USER_PATHS = NO;
				CLANG_ANALYZER_LOCALIZABILITY_NONLOCALIZED = YES;
				CLANG_ANALYZER_NONNULL = YES;
				CLANG_ANALYZER_NUMBER_OBJECT_CONVERSION = YES_AGGRESSIVE;
				CLANG_CXX_LANGUAGE_STANDARD = "gnu++14";
				CLANG_CXX_LIBRARY = "libc++";
				CLANG_ENABLE_MODULES = YES;
				CLANG_ENABLE_OBJC_ARC = YES;
				CLANG_ENABLE_OBJC_WEAK = YES;
				CLANG_WARN_BLOCK_CAPTURE_AUTORELEASING = YES;
				CLANG_WARN_BOOL_CONVERSION = YES;
				CLANG_WARN_COMMA = YES;
				CLANG_WARN_CONSTANT_CONVERSION = YES;
				CLANG_WARN_DEPRECATED_OBJC_IMPLEMENTATIONS = YES;
				CLANG_WARN_DIRECT_OBJC_ISA_USAGE = YES_ERROR;
				CLANG_WARN_DOCUMENTATION_COMMENTS = YES;
				CLANG_WARN_EMPTY_BODY = YES;
				CLANG_WARN_ENUM_CONVERSION = YES;
				CLANG_WARN_INFINITE_RECURSION = YES;
				CLANG_WARN_INT_CONVERSION = YES;
				CLANG_WARN_NON_LITERAL_NULL_CONVERSION = YES;
				CLANG_WARN_OBJC_IMPLICIT_RETAIN_SELF = YES;
				CLANG_WARN_OBJC_LITERAL_CONVERSION = YES;
				CLANG_WARN_OBJC_ROOT_CLASS = YES_ERROR;
				CLANG_WARN_QUOTED_INCLUDE_IN_FRAMEWORK_HEADER = YES;
				CLANG_WARN_RANGE_LOOP_ANALYSIS = YES;
				CLANG_WARN_STRICT_PROTOTYPES = YES;
				CLANG_WARN_SUSPICIOUS_MOVE = YES;
				CLANG_WARN_UNGUARDED_AVAILABILITY = YES_AGGRESSIVE;
				CLANG_WARN_UNREACHABLE_CODE = YES;
				CLANG_WARN__DUPLICATE_METHOD_MATCH = YES;
				COPY_PHASE_STRIP = NO;
				DEBUG_INFORMATION_FORMAT = "dwarf-with-dsym";
				ENABLE_BITCODE = NO;
				ENABLE_NS_ASSERTIONS = NO;
				ENABLE_STRICT_OBJC_MSGSEND = YES;
				GCC_C_LANGUAGE_STANDARD = gnu11;
				GCC_NO_COMMON_BLOCKS = YES;
				GCC_WARN_64_TO_32_BIT_CONVERSION = YES;
				GCC_WARN_ABOUT_RETURN_TYPE = YES_ERROR;
				GCC_WARN_UNDECLARED_SELECTOR = YES;
				GCC_WARN_UNINITIALIZED_AUTOS = YES_AGGRESSIVE;
				GCC_WARN_UNUSED_FUNCTION = YES;
				GCC_WARN_UNUSED_VARIABLE = YES;
				IPHONEOS_DEPLOYMENT_TARGET = 10.0;
				MTL_ENABLE_DEBUG_INFO = NO;
				MTL_FAST_MATH = YES;
				SDKROOT = iphoneos;
				SWIFT_COMPILATION_MODE = wholemodule;
				SWIFT_OPTIMIZATION_LEVEL = "-O";
				VALIDATE_PRODUCT = YES;
			};
			name = Release;
		};
		474E0FFA2644DFAF002AFADB /* Debug */ = {
			isa = XCBuildConfiguration;
			baseConfigurationReference = 91F2AB471EFA1B512F559859 /* Pods-TUICallKitApp.debug.xcconfig */;
			buildSettings = {
				ASSETCATALOG_COMPILER_APPICON_NAME = AppIcon;
				ASSETCATALOG_COMPILER_GLOBAL_ACCENT_COLOR_NAME = AccentColor;
				CLANG_ENABLE_MODULES = YES;
				CODE_SIGN_ENTITLEMENTS = TUICallKitApp.entitlements;
				CODE_SIGN_IDENTITY = "iPhone Developer";
				CODE_SIGN_STYLE = Manual;
				CURRENT_PROJECT_VERSION = 815;
				DEFINES_MODULE = YES;
				DEVELOPMENT_TEAM = F8A3GH6Q4W;
				ENABLE_BITCODE = NO;
				HEADER_SEARCH_PATHS = (
					"$(inherited)",
					"\"${PODS_CONFIGURATION_BUILD_DIR}/Alamofire/Alamofire.framework/Headers\"",
					"\"${PODS_CONFIGURATION_BUILD_DIR}/Kingfisher/Kingfisher.framework/Headers\"",
					"\"${PODS_CONFIGURATION_BUILD_DIR}/SnapKit/SnapKit.framework/Headers\"",
					"\"${PODS_CONFIGURATION_BUILD_DIR}/TXAppBasic/TXAppBasic.framework/Headers\"",
					"\"${PODS_CONFIGURATION_BUILD_DIR}/Toast-Swift/Toast_Swift.framework/Headers\"",
					"${PODS_ROOT}/TXImSDK_Plus_iOS/ImSDK_Plus.framework/Headers/",
				);
				INFOPLIST_FILE = App/Info.plist;
				IPHONEOS_DEPLOYMENT_TARGET = 13.0;
				LD_RUNPATH_SEARCH_PATHS = (
					"$(inherited)",
					"@executable_path/Frameworks",
				);
				MARKETING_VERSION = 2.1.0;
				OTHER_LDFLAGS = (
					"$(inherited)",
					"-ObjC",
					"-l\"c++\"",
					"-l\"resolv\"",
					"-l\"sqlite3\"",
					"-framework",
					"\"AVFoundation\"",
					"-framework",
					"\"Accelerate\"",
					"-framework",
					"\"Alamofire\"",
					"-framework",
					"\"AssetsLibrary\"",
					"-framework",
					"\"CFNetwork\"",
					"-framework",
					"\"ImSDK_Plus\"",
					"-framework",
					"\"Kingfisher\"",
					"-framework",
					"\"QuartzCore\"",
					"-framework",
					"\"SnapKit\"",
					"-framework",
					"\"TXAppBasic\"",
					"-framework",
					"\"Toast_Swift\"",
					"-weak_framework",
					"\"Combine\"",
					"-weak_framework",
					"\"SwiftUI\"",
				);
				OTHER_SWIFT_FLAGS = "$(inherited) -D COCOAPODS -D USE_TUICALLKIT_SWIFT";
				PRODUCT_BUNDLE_IDENTIFIER = com.tencent.TRTCScene;
				PRODUCT_NAME = "$(TARGET_NAME)";
				PROVISIONING_PROFILE_SPECIFIER = abyWildcardDev;
				SWIFT_OBJC_BRIDGING_HEADER = "";
				SWIFT_OPTIMIZATION_LEVEL = "-Onone";
				SWIFT_VERSION = 5.0;
				TARGETED_DEVICE_FAMILY = 1;
			};
			name = Debug;
		};
		474E0FFB2644DFAF002AFADB /* Release */ = {
			isa = XCBuildConfiguration;
			baseConfigurationReference = 978AEE3D0185AD9D68A3E8A7 /* Pods-TUICallKitApp.release.xcconfig */;
			buildSettings = {
				ASSETCATALOG_COMPILER_APPICON_NAME = AppIcon;
				ASSETCATALOG_COMPILER_GLOBAL_ACCENT_COLOR_NAME = AccentColor;
				CLANG_ENABLE_MODULES = YES;
				CODE_SIGN_ENTITLEMENTS = TUICallKitApp.entitlements;
				CODE_SIGN_IDENTITY = "iPhone Developer";
				CODE_SIGN_STYLE = Manual;
				CURRENT_PROJECT_VERSION = 815;
				DEFINES_MODULE = YES;
				DEVELOPMENT_TEAM = F8A3GH6Q4W;
				ENABLE_BITCODE = NO;
				FRAMEWORK_SEARCH_PATHS = (
					"$(inherited)",
					"\"${PODS_CONFIGURATION_BUILD_DIR}/Alamofire\"",
					"\"${PODS_CONFIGURATION_BUILD_DIR}/Kingfisher\"",
					"\"${PODS_CONFIGURATION_BUILD_DIR}/Masonry\"",
					"\"${PODS_CONFIGURATION_BUILD_DIR}/ReactiveObjC\"",
					"\"${PODS_CONFIGURATION_BUILD_DIR}/SDWebImage\"",
					"\"${PODS_CONFIGURATION_BUILD_DIR}/SnapKit\"",
					"\"${PODS_CONFIGURATION_BUILD_DIR}/TUICore\"",
					"\"${PODS_CONFIGURATION_BUILD_DIR}/TXAppBasic\"",
					"\"${PODS_CONFIGURATION_BUILD_DIR}/Toast-Swift\"",
					"\"${PODS_ROOT}/TXIMSDK_Plus_iOS\"",
					"\"${PODS_ROOT}/TXLiteAVSDK_TRTC/TXLiteAVSDK_TRTC\"",
					"\"${PODS_XCFRAMEWORKS_BUILD_DIR}/TXFFmpeg\"",
					"\"${PODS_XCFRAMEWORKS_BUILD_DIR}/TXSoundTouch\"",
				);
				HEADER_SEARCH_PATHS = (
					"$(inherited)",
					"\"${PODS_CONFIGURATION_BUILD_DIR}/Alamofire/Alamofire.framework/Headers\"",
					"\"${PODS_CONFIGURATION_BUILD_DIR}/Kingfisher/Kingfisher.framework/Headers\"",
					"\"${PODS_CONFIGURATION_BUILD_DIR}/SnapKit/SnapKit.framework/Headers\"",
					"\"${PODS_CONFIGURATION_BUILD_DIR}/TXAppBasic/TXAppBasic.framework/Headers\"",
					"\"${PODS_CONFIGURATION_BUILD_DIR}/Toast-Swift/Toast_Swift.framework/Headers\"",
					"${PODS_ROOT}/TXImSDK_Plus_iOS/ImSDK_Plus.framework/Headers/",
				);
				INFOPLIST_FILE = App/Info.plist;
				IPHONEOS_DEPLOYMENT_TARGET = 13.0;
				LD_RUNPATH_SEARCH_PATHS = (
					"$(inherited)",
					"@executable_path/Frameworks",
				);
				MARKETING_VERSION = 2.1.0;
				OTHER_LDFLAGS = (
					"$(inherited)",
					"-ObjC",
					"-l\"c++\"",
					"-l\"resolv\"",
					"-l\"sqlite3\"",
					"-framework",
					"\"AVFoundation\"",
					"-framework",
					"\"Accelerate\"",
					"-framework",
					"\"Alamofire\"",
					"-framework",
					"\"AssetsLibrary\"",
					"-framework",
					"\"CFNetwork\"",
					"-framework",
					"\"ImSDK_Plus\"",
					"-framework",
					"\"Kingfisher\"",
					"-framework",
					"\"QuartzCore\"",
					"-framework",
					"\"SnapKit\"",
					"-framework",
					"\"TXAppBasic\"",
					"-framework",
					"\"Toast_Swift\"",
					"-weak_framework",
					"\"Combine\"",
					"-weak_framework",
					"\"SwiftUI\"",
				);
				OTHER_SWIFT_FLAGS = "$(inherited) -D COCOAPODS -D USE_TUICALLKIT_SWIFT";
				PRODUCT_BUNDLE_IDENTIFIER = com.tencent.TRTCScene;
				PRODUCT_NAME = "$(TARGET_NAME)";
				PROVISIONING_PROFILE_SPECIFIER = abyWildcardDev;
				SWIFT_OBJC_BRIDGING_HEADER = "";
				SWIFT_VERSION = 5.0;
				TARGETED_DEVICE_FAMILY = 1;
			};
			name = Release;
		};
/* End XCBuildConfiguration section */

/* Begin XCConfigurationList section */
		474E0FE02644DFAE002AFADB /* Build configuration list for PBXProject "TUICallKitApp" */ = {
			isa = XCConfigurationList;
			buildConfigurations = (
				474E0FF72644DFAF002AFADB /* Debug */,
				474E0FF82644DFAF002AFADB /* Release */,
			);
			defaultConfigurationIsVisible = 0;
			defaultConfigurationName = Release;
		};
		474E0FF92644DFAF002AFADB /* Build configuration list for PBXNativeTarget "TUICallKitApp" */ = {
			isa = XCConfigurationList;
			buildConfigurations = (
				474E0FFA2644DFAF002AFADB /* Debug */,
				474E0FFB2644DFAF002AFADB /* Release */,
			);
			defaultConfigurationIsVisible = 0;
			defaultConfigurationName = Release;
		};
/* End XCConfigurationList section */
	};
	rootObject = 474E0FDD2644DFAE002AFADB /* Project object */;
}
