PODS:
  - Alamofire (5.4.1)
  - Kingfisher (6.3.0)
  - SnapKit (5.0.1)
  - Toast-Swift (5.0.1)
  - TUICalling/TRTC (1.0.0):
    - Alamofire
    - Kingfisher
    - SnapKit
    - Toast-Swift
    - TXAppBasic
    - TXIMSDK_Plus_iOS
    - TXLiteAVSDK_TRTC
  - TXAppBasic (1.0.0)
  - TXIMSDK_Plus_iOS (5.4.666)
  - TXLiteAVSDK_TRTC (8.1.9719)

DEPENDENCIES:
  - TUICalling/TRTC (from `./`)
  - TXAppBasic (from `TXAppBasic/`)
  - TXLiteAVSDK_TRTC

SPEC REPOS:
  trunk:
    - Alamofire
    - Kingfisher
    - SnapKit
    - Toast-Swift
    - TXIMSDK_Plus_iOS
    - TXLiteAVSDK_TRTC

EXTERNAL SOURCES:
  TUICalling:
    :path: "./"
  TXAppBasic:
    :path: TXAppBasic/

SPEC CHECKSUMS:
  Alamofire: 2291f7d21ca607c491dd17642e5d40fdcda0e65c
  Kingfisher: 6c3df386db71d82c0817a429d2c9421a77396529
  SnapKit: 97b92857e3df3a0c71833cce143274bf6ef8e5eb
  Toast-Swift: 9b6a70f28b3bf0b96c40d46c0c4b9d6639846711
  TUICalling: 75780f4d488245593f9c47e7ee14db062ac79cd3
  TXAppBasic: f72fd658cb2cec20f0368158752b82226cb6cdec
  TXIMSDK_Plus_iOS: 4db13c8646d4f58d8ae558488f9523a2efd4ef6a
  TXLiteAVSDK_TRTC: dd581804b8badfffaf1d00856d7f2812eb8a47d4

PODFILE CHECKSUM: a86e87a8836d7a92b810800300f0b2395699ad74

COCOAPODS: 1.11.1
