PODS:
  - Alamofire (5.4.3)
  - Kingfisher (6.3.1)
  - Masonry (1.1.0)
  - ReactiveObjC (3.1.1)
  - SDWebImage (5.9.0):
    - SDWebImage/Core (= 5.9.0)
  - SDWebImage/Core (5.9.0)
  - SnapKit (5.0.1)
  - Toast-Swift (5.0.1)
  - TUICalling/TRTC (1.0.0):
    - Masonry
    - TUICore
    - TXLiteAVSDK_TRTC
  - TUICore (1.0.0):
    - ReactiveObjC
    - SDWebImage
    - TXIMSDK_Plus_iOS
  - TXAppBasic (1.0.0)
  - TXIMSDK_Plus_iOS (5.6.1202)
  - TXLiteAVSDK_TRTC (9.1.10564)

DEPENDENCIES:
  - Alamofire
  - Kingfisher
  - SnapKit
  - Toast-Swift
  - TUICalling/TRTC (from `../`)
  - TUICore (from `../../TUICore`)
  - TXAppBasic (from `../../TXAppBasic/`)
  - TXLiteAVSDK_TRTC

SPEC REPOS:
  trunk:
    - Alamofire
    - Kingfisher
    - Masonry
    - ReactiveObjC
    - SDWebImage
    - SnapKit
    - Toast-Swift
    - TXIMSDK_Plus_iOS
    - TXLiteAVSDK_TRTC

EXTERNAL SOURCES:
  TUICalling:
    :path: "../"
  TUICore:
    :path: "../../TUICore"
  TXAppBasic:
    :path: "../../TXAppBasic/"

SPEC CHECKSUMS:
  Alamofire: e447a2774a40c996748296fa2c55112fdbbc42f9
  Kingfisher: 016c8b653a35add51dd34a3aba36b580041acc74
  Masonry: 678fab65091a9290e40e2832a55e7ab731aad201
  ReactiveObjC: 011caa393aa0383245f2dcf9bf02e86b80b36040
  SDWebImage: 62ae4a18473520c67b79e9724c31a63599cc9423
  SnapKit: 97b92857e3df3a0c71833cce143274bf6ef8e5eb
  Toast-Swift: 9b6a70f28b3bf0b96c40d46c0c4b9d6639846711
  TUICalling: 6be87168550f083254543ee371f4185326a5632e
  TUICore: 879aa43e30a73089deaa7bb5b86746321ebbfa45
  TXAppBasic: f72fd658cb2cec20f0368158752b82226cb6cdec
  TXIMSDK_Plus_iOS: df399dd3809eda8cc231e69928a1389471324e06
  TXLiteAVSDK_TRTC: a67553f7b1f6157439cd771f18b6fb2b8860ec81

PODFILE CHECKSUM: 8209a63f61c951affe03e2de8cfc7c314eef7212

COCOAPODS: 1.10.1
