PODS:
  - Alamofire (5.4.3)
  - Kingfisher (6.3.1)
  - Masonry (1.1.0)
  - ReactiveObjC (3.1.1)
  - SDWebImage (5.12.2):
    - SDWebImage/Core (= 5.12.2)
  - SDWebImage/Core (5.12.2)
  - SnapKit (5.0.1)
  - Toast-Swift (5.0.1)
  - TUICalling/TRTC (9.5):
    - Masonry
    - TUICore
    - TXLiteAVSDK_TRTC
  - TUICore (6.0.1975):
    - ReactiveObjC
    - SDWebImage
    - TXIMSDK_Plus_iOS (= 6.0.1975)
  - TXAppBasic (1.0.0)
  - TXIMSDK_Plus_iOS (6.0.1975)
  - TXLiteAVSDK_TRTC (9.5.11004)

DEPENDENCIES:
  - Alamofire
  - Kingfisher
  - SnapKit
  - Toast-Swift
  - TUICalling/TRTC (from `../`)
  - TXAppBasic (from `./TXAppBasic/`)

SPEC REPOS:
  trunk:
    - Alamofire
    - Kingfisher
    - Masonry
    - ReactiveObjC
    - SDWebImage
    - SnapKit
    - Toast-Swift
    - TUICore
    - TXIMSDK_Plus_iOS
    - TXLiteAVSDK_TRTC

EXTERNAL SOURCES:
  TUICalling:
    :path: "../"
  TXAppBasic:
    :path: "./TXAppBasic/"

SPEC CHECKSUMS:
  Alamofire: e447a2774a40c996748296fa2c55112fdbbc42f9
  Kingfisher: 016c8b653a35add51dd34a3aba36b580041acc74
  Masonry: 678fab65091a9290e40e2832a55e7ab731aad201
  ReactiveObjC: 011caa393aa0383245f2dcf9bf02e86b80b36040
  SDWebImage: 240e5c12b592fb1268c1d03b8c90d90e8c2ffe82
  SnapKit: 97b92857e3df3a0c71833cce143274bf6ef8e5eb
  Toast-Swift: 9b6a70f28b3bf0b96c40d46c0c4b9d6639846711
  TUICalling: ec9ebbb298e6291695940ee5fe038b4484c01208
  TUICore: 51f89fc1fc066f73c4cc47a1dfbcefa9a1ed5437
  TXAppBasic: f72fd658cb2cec20f0368158752b82226cb6cdec
  TXIMSDK_Plus_iOS: b4938e8a26865ddf81fcff413236d99f6fbae39c
  TXLiteAVSDK_TRTC: 49d2f320fbb99c040a3d7287fe983cbbcc94f28b

PODFILE CHECKSUM: 4216d083465ac59f48a164f67e7caefe5e54114e

COCOAPODS: 1.10.1
