{
  "name": "@tencentcloud/call-uikit-wechat",
  "version": "1.3.0",
  "lockfileVersion": 2,
  "requires": true,
  "packages": {
    "": {
      "name": "@tencentcloud/call-uikit-wechat",
      "version": "1.3.0",
      "license": "ISC",
      "dependencies": {
        "@tencentcloud/call-uikit-wechat": "^1.3.0"
      }
    },
    "node_modules/@tencentcloud/call-uikit-wechat": {
      "version": "1.3.0",
      "resolved": "https://registry.npmjs.org/@tencentcloud/call-uikit-wechat/-/call-uikit-wechat-1.3.0.tgz",
      "integrity": "sha512-7o+PwzQWpyrVQJsO2Jpv/RVmDP9TyZYZGBJFZFgskMe1IrotM6YJPwoeF8ZE2qjargN5pAagwNXP4cDBgha1lQ==",
      "dependencies": {
        "tuicall-engine-wx": "^1.4.0"
      }
    },
    "node_modules/tim-wx-sdk": {
      "version": "2.26.1",
      "resolved": "https://registry.npmjs.org/tim-wx-sdk/-/tim-wx-sdk-2.26.1.tgz",
      "integrity": "sha512-z9SRDcnlqK2dnC0+LouR0jSA9QgGgrVPZ1XffLXzPTi+JnwOUCzIu2iUnuBVHnF1QI1RRLS6YaxdpmKOv58iaA=="
    },
    "node_modules/trtc-wx-sdk": {
      "version": "1.1.3",
      "resolved": "https://registry.npmjs.org/trtc-wx-sdk/-/trtc-wx-sdk-1.1.3.tgz",
      "integrity": "sha512-RqK3fPCr3c8q1cHk1he3Taj82jRiNSPPofrH0Aq6SqwftrGlyuJg5hi/7QnH5knNjfH4WcSuJ/LcCYRvnnnmoA=="
    },
    "node_modules/tsignaling-wx": {
      "version": "1.0.3",
      "resolved": "https://registry.npmjs.org/tsignaling-wx/-/tsignaling-wx-1.0.3.tgz",
      "integrity": "sha512-IADPsaB6S7kjiG4eDelRQAEUMzRKmn/spNeaSY+um40Q49nZ0ZhP9XoZraqg+5GWfYX/xRiusCugAEUgR2HLAw=="
    },
    "node_modules/tuicall-engine-wx": {
      "version": "1.4.0",
      "resolved": "https://registry.npmjs.org/tuicall-engine-wx/-/tuicall-engine-wx-1.4.0.tgz",
      "integrity": "sha512-W4eeiME3xfokvzeVdugoFWG746QAOXy6deS0VJTht6u+JgNT1i1pZtL4NuJOpugbyCs0DTlXTRaz+XprvbI+4g==",
      "dependencies": {
        "tim-wx-sdk": "^2.26.1",
        "trtc-wx-sdk": "^1.1.3",
        "tsignaling-wx": "^1.0.3"
      }
    }
  },
  "dependencies": {
    "@tencentcloud/call-uikit-wechat": {
      "version": "1.3.0",
      "resolved": "https://registry.npmjs.org/@tencentcloud/call-uikit-wechat/-/call-uikit-wechat-1.3.0.tgz",
      "integrity": "sha512-7o+PwzQWpyrVQJsO2Jpv/RVmDP9TyZYZGBJFZFgskMe1IrotM6YJPwoeF8ZE2qjargN5pAagwNXP4cDBgha1lQ==",
      "requires": {
        "tuicall-engine-wx": "^1.4.0"
      }
    },
    "tim-wx-sdk": {
      "version": "2.26.1",
      "resolved": "https://registry.npmjs.org/tim-wx-sdk/-/tim-wx-sdk-2.26.1.tgz",
      "integrity": "sha512-z9SRDcnlqK2dnC0+LouR0jSA9QgGgrVPZ1XffLXzPTi+JnwOUCzIu2iUnuBVHnF1QI1RRLS6YaxdpmKOv58iaA=="
    },
    "trtc-wx-sdk": {
      "version": "1.1.3",
      "resolved": "https://registry.npmjs.org/trtc-wx-sdk/-/trtc-wx-sdk-1.1.3.tgz",
      "integrity": "sha512-RqK3fPCr3c8q1cHk1he3Taj82jRiNSPPofrH0Aq6SqwftrGlyuJg5hi/7QnH5knNjfH4WcSuJ/LcCYRvnnnmoA=="
    },
    "tsignaling-wx": {
      "version": "1.0.3",
      "resolved": "https://registry.npmjs.org/tsignaling-wx/-/tsignaling-wx-1.0.3.tgz",
      "integrity": "sha512-IADPsaB6S7kjiG4eDelRQAEUMzRKmn/spNeaSY+um40Q49nZ0ZhP9XoZraqg+5GWfYX/xRiusCugAEUgR2HLAw=="
    },
    "tuicall-engine-wx": {
      "version": "1.4.0",
      "resolved": "https://registry.npmjs.org/tuicall-engine-wx/-/tuicall-engine-wx-1.4.0.tgz",
      "integrity": "sha512-W4eeiME3xfokvzeVdugoFWG746QAOXy6deS0VJTht6u+JgNT1i1pZtL4NuJOpugbyCs0DTlXTRaz+XprvbI+4g==",
      "requires": {
        "tim-wx-sdk": "^2.26.1",
        "trtc-wx-sdk": "^1.1.3",
        "tsignaling-wx": "^1.0.3"
      }
    }
  }
}
